Microsoft Visual Studio Solution File, Format Version 11.00
# Visual Studio 2008

Project("{B1692767-9FBC-EC48-775F-D7938EC5CD77}") = "VirtualLightSourceRobot", "Assembly-CSharp-firstpass.csproj", "{C3D56EFD-031B-6A3C-E93E-7BE6842DAFF6}"
EndProject
Project("{B1692767-9FBC-EC48-775F-D7938EC5CD77}") = "VirtualLightSourceRobot", "Assembly-CSharp.csproj", "{DE5F4F9F-2F66-D0E1-72E4-95743D80B206}"
EndProject
Project("{B1692767-9FBC-EC48-775F-D7938EC5CD77}") = "VirtualLightSourceRobot", "Assembly-CSharp-Editor-firstpass.csproj", "{F6B27238-11BE-20A3-246D-A9A11E66C820}"
EndProject
Global
	GlobalSection(SolutionConfigurationPlatforms) = preSolution
		Debug|Any CPU = Debug|Any CPU
		Release|Any CPU = Release|Any CPU
	EndGlobalSection
	GlobalSection(ProjectConfigurationPlatforms) = postSolution
		{C3D56EFD-031B-6A3C-E93E-7BE6842DAFF6}.Debug|Any CPU.ActiveCfg = Debug|Any CPU
		{C3D56EFD-031B-6A3C-E93E-7BE6842DAFF6}.Debug|Any CPU.Build.0 = Debug|Any CPU
		{C3D56EFD-031B-6A3C-E93E-7BE6842DAFF6}.Release|Any CPU.ActiveCfg = Release|Any CPU
		{C3D56EFD-031B-6A3C-E93E-7BE6842DAFF6}.Release|Any CPU.Build.0 = Release|Any CPU
		{DE5F4F9F-2F66-D0E1-72E4-95743D80B206}.Debug|Any CPU.ActiveCfg = Debug|Any CPU
		{DE5F4F9F-2F66-D0E1-72E4-95743D80B206}.Debug|Any CPU.Build.0 = Debug|Any CPU
		{DE5F4F9F-2F66-D0E1-72E4-95743D80B206}.Release|Any CPU.ActiveCfg = Release|Any CPU
		{DE5F4F9F-2F66-D0E1-72E4-95743D80B206}.Release|Any CPU.Build.0 = Release|Any CPU
		{F6B27238-11BE-20A3-246D-A9A11E66C820}.Debug|Any CPU.ActiveCfg = Debug|Any CPU
		{F6B27238-11BE-20A3-246D-A9A11E66C820}.Debug|Any CPU.Build.0 = Debug|Any CPU
		{F6B27238-11BE-20A3-246D-A9A11E66C820}.Release|Any CPU.ActiveCfg = Release|Any CPU
		{F6B27238-11BE-20A3-246D-A9A11E66C820}.Release|Any CPU.Build.0 = Release|Any CPU
	EndGlobalSection
	GlobalSection(SolutionProperties) = preSolution
		HideSolutionNode = FALSE
	EndGlobalSection
	GlobalSection(MonoDevelopProperties) = preSolution
		StartupItem = Assembly-CSharp.csproj
	EndGlobalSection
EndGlobal
